# This file is automatically @generated by Cargo.
# It is not intended for manual editing.
version = 4

[[package]]
name = "auth"
version = "0.1.0"
dependencies = [
 "ureq",
]

[[package]]
name = "base64"
version = "0.22.1"
source = "registry+https://github.com/rust-lang/crates.io-index"
checksum = "72b3254f16251a8381aa12e40e3c4d2f0199f8c6508fbecb9d91f575e0fbb8c6"

[[package]]
name = "bytes"
version = "1.12.0"
source = "registry+https://github.com/rust-lang/crates.io-index"
checksum = "8ae3f5d315924270530207e2a68396c3cc547f6dca3fbdca317cfb1a51edb593"

[[package]]
name = "http"
version = "1.4.2"
source = "registry+https://github.com/rust-lang/crates.io-index"
checksum = "6970f50e31d6fc17d3fa27329444bfa74e196cf62e95052a3f6fee181dba6425"
dependencies = [
 "bytes",
 "itoa",
]

[[package]]
name = "httparse"
version = "1.10.1"
source = "registry+https://github.com/rust-lang/crates.io-index"
checksum = "6dbf3de79e51f3d586ab4cb9d5c3e2c14aa28ed23d180cf89b4df0454a69cc87"

[[package]]
name = "itoa"
version = "1.0.18"
source = "registry+https://github.com/rust-lang/crates.io-index"
checksum = "8f42a60cbdf9a97f5d2305f08a87dc4e09308d1276d28c869c684d7777685682"

[[package]]
name = "log"
version = "0.4.32"
source = "registry+https://github.com/rust-lang/crates.io-index"
checksum = "953f07c43838f8e6f9758cab68bf5bed85465e7587ebe0b823f1bcd81978ad3a"

[[package]]
name = "percent-encoding"
version = "2.3.2"
source = "registry+https://github.com/rust-lang/crates.io-index"
checksum = "9b4f627cb1b25917193a259e49bdad08f671f8d9708acfd5fe0a8c1455d87220"

[[package]]
name = "ureq"
version = "3.3.0"
source = "registry+https://github.com/rust-lang/crates.io-index"
checksum = "dea7109cdcd5864d4eeb1b58a1648dc9bf520360d7af16ec26d0a9354bafcfc0"
dependencies = [
 "base64",
 "log",
 "percent-encoding",
 "ureq-proto",
 "utf8-zero",
]

[[package]]
name = "ureq-proto"
version = "0.6.0"
source = "registry+https://github.com/rust-lang/crates.io-index"
checksum = "e994ba84b0bd1b1b0cf92878b7ef898a5c1760108fe7b6010327e274917a808c"
dependencies = [
 "base64",
 "http",
 "httparse",
 "log",
]

[[package]]
name = "utf8-zero"
version = "0.8.1"
source = "registry+https://github.com/rust-lang/crates.io-index"
checksum = "b8c0a043c9540bae7c578c88f91dda8bd82e59ae27c21baca69c8b191aaf5a6e"
